
Microsoft Visual Studio Solution File, Format Version 12.00
# Visual Studio 15
VisualStudioVersion = 15.0.27703.2042
MinimumVisualStudioVersion = 10.0.40219.1
Project("{9A19103F-16F7-4668-BE54-9A1E7A4F7556}") = "FunctionApp", "FunctionApp\FunctionApp.csproj", "{18300810-3F7E-493E-A7AC-8881A5014C7C}"
EndProject
Project("{9A19103F-16F7-4668-BE54-9A1E7A4F7556}") = "TestClient", "TestClient\TestClient.csproj", "{F07C7099-C0CF-4960-B48A-65802E2AF967}"
EndProject
Global
	GlobalSection(SolutionConfigurationPlatforms) = preSolution
		Debug|Any CPU = Debug|Any CPU
		Release|Any CPU = Release|Any CPU
	EndGlobalSection
	GlobalSection(ProjectConfigurationPlatforms) = postSolution
		{18300810-3F7E-493E-A7AC-8881A5014C7C}.Debug|Any CPU.ActiveCfg = Debug|Any CPU
		{18300810-3F7E-493E-A7AC-8881A5014C7C}.Debug|Any CPU.Build.0 = Debug|Any CPU
		{18300810-3F7E-493E-A7AC-8881A5014C7C}.Release|Any CPU.ActiveCfg = Release|Any CPU
		{18300810-3F7E-493E-A7AC-8881A5014C7C}.Release|Any CPU.Build.0 = Release|Any CPU
		{F07C7099-C0CF-4960-B48A-65802E2AF967}.Debug|Any CPU.ActiveCfg = Debug|Any CPU
		{F07C7099-C0CF-4960-B48A-65802E2AF967}.Debug|Any CPU.Build.0 = Debug|Any CPU
		{F07C7099-C0CF-4960-B48A-65802E2AF967}.Release|Any CPU.ActiveCfg = Release|Any CPU
		{F07C7099-C0CF-4960-B48A-65802E2AF967}.Release|Any CPU.Build.0 = Release|Any CPU
	EndGlobalSection
	GlobalSection(SolutionProperties) = preSolution
		HideSolutionNode = FALSE
	EndGlobalSection
	GlobalSection(ExtensibilityGlobals) = postSolution
		SolutionGuid = {0FCE41E2-7878-4312-B4B9-ECDF430F4C59}
	EndGlobalSection
EndGlobal
